// !$*UTF8*$!
{
	archiveVersion = 1;
	classes = {
	};
	objectVersion = 48;
	objects = {

/* Begin PBXBuildFile section */
		8405317220093078003ADF9B /* AppDelegate.swift in Sources */ = {isa = PBXBuildFile; fileRef = 8405317120093078003ADF9B /* AppDelegate.swift */; };
		8405317420093078003ADF9B /* ViewController.swift in Sources */ = {isa = PBXBuildFile; fileRef = 8405317320093078003ADF9B /* ViewController.swift */; };
		8405317720093078003ADF9B /* Main.storyboard in Resources */ = {isa = PBXBuildFile; fileRef = 8405317520093078003ADF9B /* Main.storyboard */; };
		8405317920093078003ADF9B /* Assets.xcassets in Resources */ = {isa = PBXBuildFile; fileRef = 8405317820093078003ADF9B /* Assets.xcassets */; };
		8405317C20093078003ADF9B /* LaunchScreen.storyboard in Resources */ = {isa = PBXBuildFile; fileRef = 8405317A20093078003ADF9B /* LaunchScreen.storyboard */; };
		840531842009357E003ADF9B /* SignInViewController.swift in Sources */ = {isa = PBXBuildFile; fileRef = 840531832009357E003ADF9B /* SignInViewController.swift */; };
		8405318620093810003ADF9B /* HomePageViewController.swift in Sources */ = {isa = PBXBuildFile; fileRef = 8405318520093810003ADF9B /* HomePageViewController.swift */; };
/* End PBXBuildFile section */

/* Begin PBXFileReference section */
		68410B74FCCA6B589039DF45 /* Pods-leanplumbuttonlogin.debug.xcconfig */ = {isa = PBXFileReference; includeInIndex = 1; lastKnownFileType = text.xcconfig; name = "Pods-leanplumbuttonlogin.debug.xcconfig"; path = "Pods/Target Support Files/Pods-leanplumbuttonlogin/Pods-leanplumbuttonlogin.debug.xcconfig"; sourceTree = "<group>"; };
		74DAE241F33CCC26C9620D1A /* Pods-leanplumbuttonlogin.release.xcconfig */ = {isa = PBXFileReference; includeInIndex = 1; lastKnownFileType = text.xcconfig; name = "Pods-leanplumbuttonlogin.release.xcconfig"; path = "Pods/Target Support Files/Pods-leanplumbuttonlogin/Pods-leanplumbuttonlogin.release.xcconfig"; sourceTree = "<group>"; };
		8405316E20093078003ADF9B /* leanplumbuttonlogin.app */ = {isa = PBXFileReference; explicitFileType = wrapper.application; includeInIndex = 0; path = leanplumbuttonlogin.app; sourceTree = BUILT_PRODUCTS_DIR; };
		8405317120093078003ADF9B /* AppDelegate.swift */ = {isa = PBXFileReference; lastKnownFileType = sourcecode.swift; path = AppDelegate.swift; sourceTree = "<group>"; };
		8405317320093078003ADF9B /* ViewController.swift */ = {isa = PBXFileReference; lastKnownFileType = sourcecode.swift; path = ViewController.swift; sourceTree = "<group>"; };
		8405317620093078003ADF9B /* Base */ = {isa = PBXFileReference; lastKnownFileType = file.storyboard; name = Base; path = Base.lproj/Main.storyboard; sourceTree = "<group>"; };
		8405317820093078003ADF9B /* Assets.xcassets */ = {isa = PBXFileReference; lastKnownFileType = folder.assetcatalog; path = Assets.xcassets; sourceTree = "<group>"; };
		8405317B20093078003ADF9B /* Base */ = {isa = PBXFileReference; lastKnownFileType = file.storyboard; name = Base; path = Base.lproj/LaunchScreen.storyboard; sourceTree = "<group>"; };
		8405317D20093078003ADF9B /* Info.plist */ = {isa = PBXFileReference; lastKnownFileType = text.plist.xml; path = Info.plist; sourceTree = "<group>"; };
		840531832009357E003ADF9B /* SignInViewController.swift */ = {isa = PBXFileReference; lastKnownFileType = sourcecode.swift; path = SignInViewController.swift; sourceTree = "<group>"; };
		8405318520093810003ADF9B /* HomePageViewController.swift */ = {isa = PBXFileReference; lastKnownFileType = sourcecode.swift; path = HomePageViewController.swift; sourceTree = "<group>"; };
		87D10E764DD07D02FA34DED7 /* Pods_leanplumbuttonlogin.framework */ = {isa = PBXFileReference; explicitFileType = wrapper.framework; includeInIndex = 0; path = Pods_leanplumbuttonlogin.framework; sourceTree = BUILT_PRODUCTS_DIR; };
/* End PBXFileReference section */

/* Begin PBXFrameworksBuildPhase section */
		8405316B20093078003ADF9B /* Frameworks */ = {
			isa = PBXFrameworksBuildPhase;
			buildActionMask = 2147483647;
			files = (
			);
			runOnlyForDeploymentPostprocessing = 0;
		};
/* End PBXFrameworksBuildPhase section */

/* Begin PBXGroup section */
		8405316520093078003ADF9B = {
			isa = PBXGroup;
			children = (
				8405317020093078003ADF9B /* leanplumbuttonlogin */,
				8405316F20093078003ADF9B /* Products */,
				95DDECEFC1B3AAFF131A9596 /* Pods */,
				F0EDF0065AE0AF4757F4858A /* Frameworks */,
			);
			sourceTree = "<group>";
		};
		8405316F20093078003ADF9B /* Products */ = {
			isa = PBXGroup;
			children = (
				8405316E20093078003ADF9B /* leanplumbuttonlogin.app */,
			);
			name = Products;
			sourceTree = "<group>";
		};
		8405317020093078003ADF9B /* leanplumbuttonlogin */ = {
			isa = PBXGroup;
			children = (
				8405317120093078003ADF9B /* AppDelegate.swift */,
				8405317320093078003ADF9B /* ViewController.swift */,
				8405317520093078003ADF9B /* Main.storyboard */,
				840531832009357E003ADF9B /* SignInViewController.swift */,
				8405318520093810003ADF9B /* HomePageViewController.swift */,
				8405317820093078003ADF9B /* Assets.xcassets */,
				8405317A20093078003ADF9B /* LaunchScreen.storyboard */,
				8405317D20093078003ADF9B /* Info.plist */,
			);
			path = leanplumbuttonlogin;
			sourceTree = "<group>";
		};
		95DDECEFC1B3AAFF131A9596 /* Pods */ = {
			isa = PBXGroup;
			children = (
				68410B74FCCA6B589039DF45 /* Pods-leanplumbuttonlogin.debug.xcconfig */,
				74DAE241F33CCC26C9620D1A /* Pods-leanplumbuttonlogin.release.xcconfig */,
			);
			name = Pods;
			sourceTree = "<group>";
		};
		F0EDF0065AE0AF4757F4858A /* Frameworks */ = {
			isa = PBXGroup;
			children = (
				87D10E764DD07D02FA34DED7 /* Pods_leanplumbuttonlogin.framework */,
			);
			name = Frameworks;
			sourceTree = "<group>";
		};
/* End PBXGroup section */

/* Begin PBXNativeTarget section */
		8405316D20093078003ADF9B /* leanplumbuttonlogin */ = {
			isa = PBXNativeTarget;
			buildConfigurationList = 8405318020093078003ADF9B /* Build configuration list for PBXNativeTarget "leanplumbuttonlogin" */;
			buildPhases = (
				D573761F16A1D0F70B4E31A3 /* [CP] Check Pods Manifest.lock */,
				8405316A20093078003ADF9B /* Sources */,
				8405316B20093078003ADF9B /* Frameworks */,
				8405316C20093078003ADF9B /* Resources */,
				EC5D1DD13A1B7472E3538F51 /* [CP] Embed Pods Frameworks */,
				D971430A0038E02D161056D3 /* [CP] Copy Pods Resources */,
			);
			buildRules = (
			);
			dependencies = (
			);
			name = leanplumbuttonlogin;
			productName = leanplumbuttonlogin;
			productReference = 8405316E20093078003ADF9B /* leanplumbuttonlogin.app */;
			productType = "com.apple.product-type.application";
		};
/* End PBXNativeTarget section */

/* Begin PBXProject section */
		8405316620093078003ADF9B /* Project object */ = {
			isa = PBXProject;
			attributes = {
				LastSwiftUpdateCheck = 0920;
				LastUpgradeCheck = 0920;
				ORGANIZATIONNAME = MBC;
				TargetAttributes = {
					8405316D20093078003ADF9B = {
						CreatedOnToolsVersion = 9.2;
						ProvisioningStyle = Automatic;
					};
				};
			};
			buildConfigurationList = 8405316920093078003ADF9B /* Build configuration list for PBXProject "leanplumbuttonlogin" */;
			compatibilityVersion = "Xcode 8.0";
			developmentRegion = en;
			hasScannedForEncodings = 0;
			knownRegions = (
				en,
				Base,
			);
			mainGroup = 8405316520093078003ADF9B;
			productRefGroup = 8405316F20093078003ADF9B /* Products */;
			projectDirPath = "";
			projectRoot = "";
			targets = (
				8405316D20093078003ADF9B /* leanplumbuttonlogin */,
			);
		};
/* End PBXProject section */

/* Begin PBXResourcesBuildPhase section */
		8405316C20093078003ADF9B /* Resources */ = {
			isa = PBXResourcesBuildPhase;
			buildActionMask = 2147483647;
			files = (
				8405317C20093078003ADF9B /* LaunchScreen.storyboard in Resources */,
				8405317920093078003ADF9B /* Assets.xcassets in Resources */,
				8405317720093078003ADF9B /* Main.storyboard in Resources */,
			);
			runOnlyForDeploymentPostprocessing = 0;
		};
/* End PBXResourcesBuildPhase section */

/* Begin PBXShellScriptBuildPhase section */
		D573761F16A1D0F70B4E31A3 /* [CP] Check Pods Manifest.lock */ = {
			isa = PBXShellScriptBuildPhase;
			buildActionMask = 2147483647;
			files = (
			);
			inputPaths = (
				"${PODS_PODFILE_DIR_PATH}/Podfile.lock",
				"${PODS_ROOT}/Manifest.lock",
			);
			name = "[CP] Check Pods Manifest.lock";
			outputPaths = (
				"$(DERIVED_FILE_DIR)/Pods-leanplumbuttonlogin-checkManifestLockResult.txt",
			);
			runOnlyForDeploymentPostprocessing = 0;
			shellPath = /bin/sh;
			shellScript = "diff \"${PODS_PODFILE_DIR_PATH}/Podfile.lock\" \"${PODS_ROOT}/Manifest.lock\" > /dev/null\nif [ $? != 0 ] ; then\n    # print error to STDERR\n    echo \"error: The sandbox is not in sync with the Podfile.lock. Run 'pod install' or update your CocoaPods installation.\" >&2\n    exit 1\nfi\n# This output is used by Xcode 'outputs' to avoid re-running this script phase.\necho \"SUCCESS\" > \"${SCRIPT_OUTPUT_FILE_0}\"\n";
			showEnvVarsInLog = 0;
		};
		D971430A0038E02D161056D3 /* [CP] Copy Pods Resources */ = {
			isa = PBXShellScriptBuildPhase;
			buildActionMask = 2147483647;
			files = (
			);
			inputPaths = (
			);
			name = "[CP] Copy Pods Resources";
			outputPaths = (
			);
			runOnlyForDeploymentPostprocessing = 0;
			shellPath = /bin/sh;
			shellScript = "\"${SRCROOT}/Pods/Target Support Files/Pods-leanplumbuttonlogin/Pods-leanplumbuttonlogin-resources.sh\"\n";
			showEnvVarsInLog = 0;
		};
		EC5D1DD13A1B7472E3538F51 /* [CP] Embed Pods Frameworks */ = {
			isa = PBXShellScriptBuildPhase;
			buildActionMask = 2147483647;
			files = (
			);
			inputPaths = (
				"${SRCROOT}/Pods/Target Support Files/Pods-leanplumbuttonlogin/Pods-leanplumbuttonlogin-frameworks.sh",
				"${PODS_ROOT}/Leanplum-iOS-SDK/Leanplum.framework",
			);
			name = "[CP] Embed Pods Frameworks";
			outputPaths = (
				"${TARGET_BUILD_DIR}/${FRAMEWORKS_FOLDER_PATH}/Leanplum.framework",
			);
			runOnlyForDeploymentPostprocessing = 0;
			shellPath = /bin/sh;
			shellScript = "\"${SRCROOT}/Pods/Target Support Files/Pods-leanplumbuttonlogin/Pods-leanplumbuttonlogin-frameworks.sh\"\n";
			showEnvVarsInLog = 0;
		};
/* End PBXShellScriptBuildPhase section */

/* Begin PBXSourcesBuildPhase section */
		8405316A20093078003ADF9B /* Sources */ = {
			isa = PBXSourcesBuildPhase;
			buildActionMask = 2147483647;
			files = (
				8405318620093810003ADF9B /* HomePageViewController.swift in Sources */,
				8405317420093078003ADF9B /* ViewController.swift in Sources */,
				8405317220093078003ADF9B /* AppDelegate.swift in Sources */,
				840531842009357E003ADF9B /* SignInViewController.swift in Sources */,
			);
			runOnlyForDeploymentPostprocessing = 0;
		};
/* End PBXSourcesBuildPhase section */

/* Begin PBXVariantGroup section */
		8405317520093078003ADF9B /* Main.storyboard */ = {
			isa = PBXVariantGroup;
			children = (
				8405317620093078003ADF9B /* Base */,
			);
			name = Main.storyboard;
			sourceTree = "<group>";
		};
		8405317A20093078003ADF9B /* LaunchScreen.storyboard */ = {
			isa = PBXVariantGroup;
			children = (
				8405317B20093078003ADF9B /* Base */,
			);
			name = LaunchScreen.storyboard;
			sourceTree = "<group>";
		};
/* End PBXVariantGroup section */

/* Begin XCBuildConfiguration section */
		8405317E20093078003ADF9B /* Debug */ = {
			isa = XCBuildConfiguration;
			buildSettings = {
				ALWAYS_SEARCH_USER_PATHS = NO;
				CLANG_ANALYZER_NONNULL = YES;
				CLANG_ANALYZER_NUMBER_OBJECT_CONVERSION = YES_AGGRESSIVE;
				CLANG_CXX_LANGUAGE_STANDARD = "gnu++14";
				CLANG_CXX_LIBRARY = "libc++";
				CLANG_ENABLE_MODULES = YES;
				CLANG_ENABLE_OBJC_ARC = YES;
				CLANG_WARN_BLOCK_CAPTURE_AUTORELEASING = YES;
				CLANG_WARN_BOOL_CONVERSION = YES;
				CLANG_WARN_COMMA = YES;
				CLANG_WARN_CONSTANT_CONVERSION = YES;
				CLANG_WARN_DIRECT_OBJC_ISA_USAGE = YES_ERROR;
				CLANG_WARN_DOCUMENTATION_COMMENTS = YES;
				CLANG_WARN_EMPTY_BODY = YES;
				CLANG_WARN_ENUM_CONVERSION = YES;
				CLANG_WARN_INFINITE_RECURSION = YES;
				CLANG_WARN_INT_CONVERSION = YES;
				CLANG_WARN_NON_LITERAL_NULL_CONVERSION = YES;
				CLANG_WARN_OBJC_LITERAL_CONVERSION = YES;
				CLANG_WARN_OBJC_ROOT_CLASS = YES_ERROR;
				CLANG_WARN_RANGE_LOOP_ANALYSIS = YES;
				CLANG_WARN_STRICT_PROTOTYPES = YES;
				CLANG_WARN_SUSPICIOUS_MOVE = YES;
				CLANG_WARN_UNGUARDED_AVAILABILITY = YES_AGGRESSIVE;
				CLANG_WARN_UNREACHABLE_CODE = YES;
				CLANG_WARN__DUPLICATE_METHOD_MATCH = YES;
				CODE_SIGN_IDENTITY = "iPhone Developer";
				COPY_PHASE_STRIP = NO;
				DEBUG_INFORMATION_FORMAT = dwarf;
				ENABLE_STRICT_OBJC_MSGSEND = YES;
				ENABLE_TESTABILITY = YES;
				GCC_C_LANGUAGE_STANDARD = gnu11;
				GCC_DYNAMIC_NO_PIC = NO;
				GCC_NO_COMMON_BLOCKS = YES;
				GCC_OPTIMIZATION_LEVEL = 0;
				GCC_PREPROCESSOR_DEFINITIONS = (
					"DEBUG=1",
					"$(inherited)",
				);
				GCC_WARN_64_TO_32_BIT_CONVERSION = YES;
				GCC_WARN_ABOUT_RETURN_TYPE = YES_ERROR;
				GCC_WARN_UNDECLARED_SELECTOR = YES;
				GCC_WARN_UNINITIALIZED_AUTOS = YES_AGGRESSIVE;
				GCC_WARN_UNUSED_FUNCTION = YES;
				GCC_WARN_UNUSED_VARIABLE = YES;
				IPHONEOS_DEPLOYMENT_TARGET = 11.2;
				MTL_ENABLE_DEBUG_INFO = YES;
				ONLY_ACTIVE_ARCH = YES;
				SDKROOT = iphoneos;
				SWIFT_ACTIVE_COMPILATION_CONDITIONS = DEBUG;
				SWIFT_OPTIMIZATION_LEVEL = "-Onone";
			};
			name = Debug;
		};
		8405317F20093078003ADF9B /* Release */ = {
			isa = XCBuildConfiguration;
			buildSettings = {
				ALWAYS_SEARCH_USER_PATHS = NO;
				CLANG_ANALYZER_NONNULL = YES;
				CLANG_ANALYZER_NUMBER_OBJECT_CONVERSION = YES_AGGRESSIVE;
				CLANG_CXX_LANGUAGE_STANDARD = "gnu++14";
				CLANG_CXX_LIBRARY = "libc++";
				CLANG_ENABLE_MODULES = YES;
				CLANG_ENABLE_OBJC_ARC = YES;
				CLANG_WARN_BLOCK_CAPTURE_AUTORELEASING = YES;
				CLANG_WARN_BOOL_CONVERSION = YES;
				CLANG_WARN_COMMA = YES;
				CLANG_WARN_CONSTANT_CONVERSION = YES;
				CLANG_WARN_DIRECT_OBJC_ISA_USAGE = YES_ERROR;
				CLANG_WARN_DOCUMENTATION_COMMENTS = YES;
				CLANG_WARN_EMPTY_BODY = YES;
				CLANG_WARN_ENUM_CONVERSION = YES;
				CLANG_WARN_INFINITE_RECURSION = YES;
				CLANG_WARN_INT_CONVERSION = YES;
				CLANG_WARN_NON_LITERAL_NULL_CONVERSION = YES;
				CLANG_WARN_OBJC_LITERAL_CONVERSION = YES;
				CLANG_WARN_OBJC_ROOT_CLASS = YES_ERROR;
				CLANG_WARN_RANGE_LOOP_ANALYSIS = YES;
				CLANG_WARN_STRICT_PROTOTYPES = YES;
				CLANG_WARN_SUSPICIOUS_MOVE = YES;
				CLANG_WARN_UNGUARDED_AVAILABILITY = YES_AGGRESSIVE;
				CLANG_WARN_UNREACHABLE_CODE = YES;
				CLANG_WARN__DUPLICATE_METHOD_MATCH = YES;
				CODE_SIGN_IDENTITY = "iPhone Developer";
				COPY_PHASE_STRIP = NO;
				DEBUG_INFORMATION_FORMAT = "dwarf-with-dsym";
				ENABLE_NS_ASSERTIONS = NO;
				ENABLE_STRICT_OBJC_MSGSEND = YES;
				GCC_C_LANGUAGE_STANDARD = gnu11;
				GCC_NO_COMMON_BLOCKS = YES;
				GCC_WARN_64_TO_32_BIT_CONVERSION = YES;
				GCC_WARN_ABOUT_RETURN_TYPE = YES_ERROR;
				GCC_WARN_UNDECLARED_SELECTOR = YES;
				GCC_WARN_UNINITIALIZED_AUTOS = YES_AGGRESSIVE;
				GCC_WARN_UNUSED_FUNCTION = YES;
				GCC_WARN_UNUSED_VARIABLE = YES;
				IPHONEOS_DEPLOYMENT_TARGET = 11.2;
				MTL_ENABLE_DEBUG_INFO = NO;
				SDKROOT = iphoneos;
				SWIFT_OPTIMIZATION_LEVEL = "-Owholemodule";
				VALIDATE_PRODUCT = YES;
			};
			name = Release;
		};
		8405318120093078003ADF9B /* Debug */ = {
			isa = XCBuildConfiguration;
			baseConfigurationReference = 68410B74FCCA6B589039DF45 /* Pods-leanplumbuttonlogin.debug.xcconfig */;
			buildSettings = {
				ASSETCATALOG_COMPILER_APPICON_NAME = AppIcon;
				CODE_SIGN_STYLE = Automatic;
				DEVELOPMENT_TEAM = X8NMS7FBCL;
				INFOPLIST_FILE = leanplumbuttonlogin/Info.plist;
				LD_RUNPATH_SEARCH_PATHS = "$(inherited) @executable_path/Frameworks";
				MTL_ENABLE_DEBUG_INFO = Yes;
				OTHER_SWIFT_FLAGS = "-D DEBUG";
				PRODUCT_BUNDLE_IDENTIFIER = MBC.leanplumbuttonlogin;
				PRODUCT_NAME = "$(TARGET_NAME)";
				SWIFT_VERSION = 4.0;
				TARGETED_DEVICE_FAMILY = "1,2";
			};
			name = Debug;
		};
		8405318220093078003ADF9B /* Release */ = {
			isa = XCBuildConfiguration;
			baseConfigurationReference = 74DAE241F33CCC26C9620D1A /* Pods-leanplumbuttonlogin.release.xcconfig */;
			buildSettings = {
				ASSETCATALOG_COMPILER_APPICON_NAME = AppIcon;
				CODE_SIGN_STYLE = Automatic;
				DEVELOPMENT_TEAM = X8NMS7FBCL;
				INFOPLIST_FILE = leanplumbuttonlogin/Info.plist;
				LD_RUNPATH_SEARCH_PATHS = "$(inherited) @executable_path/Frameworks";
				OTHER_SWIFT_FLAGS = "";
				PRODUCT_BUNDLE_IDENTIFIER = MBC.leanplumbuttonlogin;
				PRODUCT_NAME = "$(TARGET_NAME)";
				SWIFT_VERSION = 4.0;
				TARGETED_DEVICE_FAMILY = "1,2";
			};
			name = Release;
		};
/* End XCBuildConfiguration section */

/* Begin XCConfigurationList section */
		8405316920093078003ADF9B /* Build configuration list for PBXProject "leanplumbuttonlogin" */ = {
			isa = XCConfigurationList;
			buildConfigurations = (
				8405317E20093078003ADF9B /* Debug */,
				8405317F20093078003ADF9B /* Release */,
			);
			defaultConfigurationIsVisible = 0;
			defaultConfigurationName = Release;
		};
		8405318020093078003ADF9B /* Build configuration list for PBXNativeTarget "leanplumbuttonlogin" */ = {
			isa = XCConfigurationList;
			buildConfigurations = (
				8405318120093078003ADF9B /* Debug */,
				8405318220093078003ADF9B /* Release */,
			);
			defaultConfigurationIsVisible = 0;
			defaultConfigurationName = Release;
		};
/* End XCConfigurationList section */
	};
	rootObject = 8405316620093078003ADF9B /* Project object */;
}
